// !$*UTF8*$!
{
	archiveVersion = 1;
	classes = {
	};
	objectVersion = 46;
	objects = {

/* Begin PBXBuildFile section */
		DAD6A7971E74A6E70070C0DB /* AppDelegate.swift in Sources */ = {isa = PBXBuildFile; fileRef = DAD6A7961E74A6E70070C0DB /* AppDelegate.swift */; };
		DAD6A7991E74A6E70070C0DB /* MealViewController.swift in Sources */ = {isa = PBXBuildFile; fileRef = DAD6A7981E74A6E70070C0DB /* MealViewController.swift */; };
		DAD6A79C1E74A6E70070C0DB /* Main.storyboard in Resources */ = {isa = PBXBuildFile; fileRef = DAD6A79A1E74A6E70070C0DB /* Main.storyboard */; };
		DAD6A79E1E74A6E70070C0DB /* Assets.xcassets in Resources */ = {isa = PBXBuildFile; fileRef = DAD6A79D1E74A6E70070C0DB /* Assets.xcassets */; };
		DAD6A7A11E74A6E70070C0DB /* LaunchScreen.storyboard in Resources */ = {isa = PBXBuildFile; fileRef = DAD6A79F1E74A6E70070C0DB /* LaunchScreen.storyboard */; };
		DAD6A7AC1E74A6E70070C0DB /* FoodTrackerTests.swift in Sources */ = {isa = PBXBuildFile; fileRef = DAD6A7AB1E74A6E70070C0DB /* FoodTrackerTests.swift */; };
		DAD6A7B71E75C5340070C0DB /* RatingControl.swift in Sources */ = {isa = PBXBuildFile; fileRef = DAD6A7B61E75C5340070C0DB /* RatingControl.swift */; };
		DAD6A7B91E75E3C50070C0DB /* Meal.swift in Sources */ = {isa = PBXBuildFile; fileRef = DAD6A7B81E75E3C50070C0DB /* Meal.swift */; };
		DAD6A7BB1E75E8A10070C0DB /* MealTableViewCell.swift in Sources */ = {isa = PBXBuildFile; fileRef = DAD6A7BA1E75E8A10070C0DB /* MealTableViewCell.swift */; };
		DAD6A7BE1E75EFEB0070C0DB /* MealTableViewController.swift in Sources */ = {isa = PBXBuildFile; fileRef = DAD6A7BC1E75EFEB0070C0DB /* MealTableViewController.swift */; };
		DAFF8C061E77097800890BEC /* MainViewController.swift in Sources */ = {isa = PBXBuildFile; fileRef = DAFF8C051E77097800890BEC /* MainViewController.swift */; };
		DAFF8C081E770D5A00890BEC /* LoginViewController.swift in Sources */ = {isa = PBXBuildFile; fileRef = DAFF8C071E770D5A00890BEC /* LoginViewController.swift */; };
/* End PBXBuildFile section */

/* Begin PBXContainerItemProxy section */
		DAD6A7A81E74A6E70070C0DB /* PBXContainerItemProxy */ = {
			isa = PBXContainerItemProxy;
			containerPortal = DAD6A78B1E74A6E70070C0DB /* Project object */;
			proxyType = 1;
			remoteGlobalIDString = DAD6A7921E74A6E70070C0DB;
			remoteInfo = FoodTracker;
		};
/* End PBXContainerItemProxy section */

/* Begin PBXFileReference section */
		DAD6A7931E74A6E70070C0DB /* FoodTracker.app */ = {isa = PBXFileReference; explicitFileType = wrapper.application; includeInIndex = 0; path = FoodTracker.app; sourceTree = BUILT_PRODUCTS_DIR; };
		DAD6A7961E74A6E70070C0DB /* AppDelegate.swift */ = {isa = PBXFileReference; lastKnownFileType = sourcecode.swift; path = AppDelegate.swift; sourceTree = "<group>"; };
		DAD6A7981E74A6E70070C0DB /* MealViewController.swift */ = {isa = PBXFileReference; lastKnownFileType = sourcecode.swift; path = MealViewController.swift; sourceTree = "<group>"; };
		DAD6A79B1E74A6E70070C0DB /* Base */ = {isa = PBXFileReference; lastKnownFileType = file.storyboard; name = Base; path = Base.lproj/Main.storyboard; sourceTree = "<group>"; };
		DAD6A79D1E74A6E70070C0DB /* Assets.xcassets */ = {isa = PBXFileReference; lastKnownFileType = folder.assetcatalog; path = Assets.xcassets; sourceTree = "<group>"; };
		DAD6A7A01E74A6E70070C0DB /* Base */ = {isa = PBXFileReference; lastKnownFileType = file.storyboard; name = Base; path = Base.lproj/LaunchScreen.storyboard; sourceTree = "<group>"; };
		DAD6A7A21E74A6E70070C0DB /* Info.plist */ = {isa = PBXFileReference; lastKnownFileType = text.plist.xml; path = Info.plist; sourceTree = "<group>"; };
		DAD6A7A71E74A6E70070C0DB /* FoodTrackerTests.xctest */ = {isa = PBXFileReference; explicitFileType = wrapper.cfbundle; includeInIndex = 0; path = FoodTrackerTests.xctest; sourceTree = BUILT_PRODUCTS_DIR; };
		DAD6A7AB1E74A6E70070C0DB /* FoodTrackerTests.swift */ = {isa = PBXFileReference; lastKnownFileType = sourcecode.swift; path = FoodTrackerTests.swift; sourceTree = "<group>"; };
		DAD6A7AD1E74A6E70070C0DB /* Info.plist */ = {isa = PBXFileReference; lastKnownFileType = text.plist.xml; path = Info.plist; sourceTree = "<group>"; };
		DAD6A7B61E75C5340070C0DB /* RatingControl.swift */ = {isa = PBXFileReference; fileEncoding = 4; lastKnownFileType = sourcecode.swift; path = RatingControl.swift; sourceTree = "<group>"; };
		DAD6A7B81E75E3C50070C0DB /* Meal.swift */ = {isa = PBXFileReference; fileEncoding = 4; lastKnownFileType = sourcecode.swift; path = Meal.swift; sourceTree = "<group>"; };
		DAD6A7BA1E75E8A10070C0DB /* MealTableViewCell.swift */ = {isa = PBXFileReference; fileEncoding = 4; lastKnownFileType = sourcecode.swift; path = MealTableViewCell.swift; sourceTree = "<group>"; };
		DAD6A7BC1E75EFEB0070C0DB /* MealTableViewController.swift */ = {isa = PBXFileReference; fileEncoding = 4; lastKnownFileType = sourcecode.swift; path = MealTableViewController.swift; sourceTree = "<group>"; };
		DAFF8C051E77097800890BEC /* MainViewController.swift */ = {isa = PBXFileReference; fileEncoding = 4; lastKnownFileType = sourcecode.swift; path = MainViewController.swift; sourceTree = "<group>"; };
		DAFF8C071E770D5A00890BEC /* LoginViewController.swift */ = {isa = PBXFileReference; fileEncoding = 4; lastKnownFileType = sourcecode.swift; path = LoginViewController.swift; sourceTree = "<group>"; };
/* End PBXFileReference section */

/* Begin PBXFrameworksBuildPhase section */
		DAD6A7901E74A6E70070C0DB /* Frameworks */ = {
			isa = PBXFrameworksBuildPhase;
			buildActionMask = 2147483647;
			files = (
			);
			runOnlyForDeploymentPostprocessing = 0;
		};
		DAD6A7A41E74A6E70070C0DB /* Frameworks */ = {
			isa = PBXFrameworksBuildPhase;
			buildActionMask = 2147483647;
			files = (
			);
			runOnlyForDeploymentPostprocessing = 0;
		};
/* End PBXFrameworksBuildPhase section */

/* Begin PBXGroup section */
		DAD6A78A1E74A6E70070C0DB = {
			isa = PBXGroup;
			children = (
				DAD6A7951E74A6E70070C0DB /* FoodTracker */,
				DAD6A7AA1E74A6E70070C0DB /* FoodTrackerTests */,
				DAD6A7941E74A6E70070C0DB /* Products */,
			);
			sourceTree = "<group>";
		};
		DAD6A7941E74A6E70070C0DB /* Products */ = {
			isa = PBXGroup;
			children = (
				DAD6A7931E74A6E70070C0DB /* FoodTracker.app */,
				DAD6A7A71E74A6E70070C0DB /* FoodTrackerTests.xctest */,
			);
			name = Products;
			sourceTree = "<group>";
		};
		DAD6A7951E74A6E70070C0DB /* FoodTracker */ = {
			isa = PBXGroup;
			children = (
				DAD6A7961E74A6E70070C0DB /* AppDelegate.swift */,
				DAFF8C051E77097800890BEC /* MainViewController.swift */,
				DAD6A7B81E75E3C50070C0DB /* Meal.swift */,
				DAD6A7BA1E75E8A10070C0DB /* MealTableViewCell.swift */,
				DAD6A7BC1E75EFEB0070C0DB /* MealTableViewController.swift */,
				DAD6A7981E74A6E70070C0DB /* MealViewController.swift */,
				DAD6A7B61E75C5340070C0DB /* RatingControl.swift */,
				DAD6A79A1E74A6E70070C0DB /* Main.storyboard */,
				DAD6A79D1E74A6E70070C0DB /* Assets.xcassets */,
				DAD6A79F1E74A6E70070C0DB /* LaunchScreen.storyboard */,
				DAD6A7A21E74A6E70070C0DB /* Info.plist */,
				DAFF8C071E770D5A00890BEC /* LoginViewController.swift */,
			);
			path = FoodTracker;
			sourceTree = "<group>";
		};
		DAD6A7AA1E74A6E70070C0DB /* FoodTrackerTests */ = {
			isa = PBXGroup;
			children = (
				DAD6A7AB1E74A6E70070C0DB /* FoodTrackerTests.swift */,
				DAD6A7AD1E74A6E70070C0DB /* Info.plist */,
			);
			path = FoodTrackerTests;
			sourceTree = "<group>";
		};
/* End PBXGroup section */

/* Begin PBXNativeTarget section */
		DAD6A7921E74A6E70070C0DB /* FoodTracker */ = {
			isa = PBXNativeTarget;
			buildConfigurationList = DAD6A7B01E74A6E70070C0DB /* Build configuration list for PBXNativeTarget "FoodTracker" */;
			buildPhases = (
				DAD6A78F1E74A6E70070C0DB /* Sources */,
				DAD6A7901E74A6E70070C0DB /* Frameworks */,
				DAD6A7911E74A6E70070C0DB /* Resources */,
			);
			buildRules = (
			);
			dependencies = (
			);
			name = FoodTracker;
			productName = FoodTracker;
			productReference = DAD6A7931E74A6E70070C0DB /* FoodTracker.app */;
			productType = "com.apple.product-type.application";
		};
		DAD6A7A61E74A6E70070C0DB /* FoodTrackerTests */ = {
			isa = PBXNativeTarget;
			buildConfigurationList = DAD6A7B31E74A6E70070C0DB /* Build configuration list for PBXNativeTarget "FoodTrackerTests" */;
			buildPhases = (
				DAD6A7A31E74A6E70070C0DB /* Sources */,
				DAD6A7A41E74A6E70070C0DB /* Frameworks */,
				DAD6A7A51E74A6E70070C0DB /* Resources */,
			);
			buildRules = (
			);
			dependencies = (
				DAD6A7A91E74A6E70070C0DB /* PBXTargetDependency */,
			);
			name = FoodTrackerTests;
			productName = FoodTrackerTests;
			productReference = DAD6A7A71E74A6E70070C0DB /* FoodTrackerTests.xctest */;
			productType = "com.apple.product-type.bundle.unit-test";
		};
/* End PBXNativeTarget section */

/* Begin PBXProject section */
		DAD6A78B1E74A6E70070C0DB /* Project object */ = {
			isa = PBXProject;
			attributes = {
				LastSwiftUpdateCheck = 0820;
				LastUpgradeCheck = 0820;
				ORGANIZATIONNAME = leomoon;
				TargetAttributes = {
					DAD6A7921E74A6E70070C0DB = {
						CreatedOnToolsVersion = 8.2.1;
						DevelopmentTeam = UZD8JHA5UW;
						ProvisioningStyle = Automatic;
					};
					DAD6A7A61E74A6E70070C0DB = {
						CreatedOnToolsVersion = 8.2.1;
						DevelopmentTeam = UZD8JHA5UW;
						ProvisioningStyle = Automatic;
						TestTargetID = DAD6A7921E74A6E70070C0DB;
					};
				};
			};
			buildConfigurationList = DAD6A78E1E74A6E70070C0DB /* Build configuration list for PBXProject "FoodTracker" */;
			compatibilityVersion = "Xcode 3.2";
			developmentRegion = English;
			hasScannedForEncodings = 0;
			knownRegions = (
				en,
				Base,
			);
			mainGroup = DAD6A78A1E74A6E70070C0DB;
			productRefGroup = DAD6A7941E74A6E70070C0DB /* Products */;
			projectDirPath = "";
			projectRoot = "";
			targets = (
				DAD6A7921E74A6E70070C0DB /* FoodTracker */,
				DAD6A7A61E74A6E70070C0DB /* FoodTrackerTests */,
			);
		};
/* End PBXProject section */

/* Begin PBXResourcesBuildPhase section */
		DAD6A7911E74A6E70070C0DB /* Resources */ = {
			isa = PBXResourcesBuildPhase;
			buildActionMask = 2147483647;
			files = (
				DAD6A7A11E74A6E70070C0DB /* LaunchScreen.storyboard in Resources */,
				DAD6A79E1E74A6E70070C0DB /* Assets.xcassets in Resources */,
				DAD6A79C1E74A6E70070C0DB /* Main.storyboard in Resources */,
			);
			runOnlyForDeploymentPostprocessing = 0;
		};
		DAD6A7A51E74A6E70070C0DB /* Resources */ = {
			isa = PBXResourcesBuildPhase;
			buildActionMask = 2147483647;
			files = (
			);
			runOnlyForDeploymentPostprocessing = 0;
		};
/* End PBXResourcesBuildPhase section */

/* Begin PBXSourcesBuildPhase section */
		DAD6A78F1E74A6E70070C0DB /* Sources */ = {
			isa = PBXSourcesBuildPhase;
			buildActionMask = 2147483647;
			files = (
				DAFF8C061E77097800890BEC /* MainViewController.swift in Sources */,
				DAD6A7B91E75E3C50070C0DB /* Meal.swift in Sources */,
				DAD6A7991E74A6E70070C0DB /* MealViewController.swift in Sources */,
				DAD6A7B71E75C5340070C0DB /* RatingControl.swift in Sources */,
				DAFF8C081E770D5A00890BEC /* LoginViewController.swift in Sources */,
				DAD6A7971E74A6E70070C0DB /* AppDelegate.swift in Sources */,
				DAD6A7BE1E75EFEB0070C0DB /* MealTableViewController.swift in Sources */,
				DAD6A7BB1E75E8A10070C0DB /* MealTableViewCell.swift in Sources */,
			);
			runOnlyForDeploymentPostprocessing = 0;
		};
		DAD6A7A31E74A6E70070C0DB /* Sources */ = {
			isa = PBXSourcesBuildPhase;
			buildActionMask = 2147483647;
			files = (
				DAD6A7AC1E74A6E70070C0DB /* FoodTrackerTests.swift in Sources */,
			);
			runOnlyForDeploymentPostprocessing = 0;
		};
/* End PBXSourcesBuildPhase section */

/* Begin PBXTargetDependency section */
		DAD6A7A91E74A6E70070C0DB /* PBXTargetDependency */ = {
			isa = PBXTargetDependency;
			target = DAD6A7921E74A6E70070C0DB /* FoodTracker */;
			targetProxy = DAD6A7A81E74A6E70070C0DB /* PBXContainerItemProxy */;
		};
/* End PBXTargetDependency section */

/* Begin PBXVariantGroup section */
		DAD6A79A1E74A6E70070C0DB /* Main.storyboard */ = {
			isa = PBXVariantGroup;
			children = (
				DAD6A79B1E74A6E70070C0DB /* Base */,
			);
			name = Main.storyboard;
			sourceTree = "<group>";
		};
		DAD6A79F1E74A6E70070C0DB /* LaunchScreen.storyboard */ = {
			isa = PBXVariantGroup;
			children = (
				DAD6A7A01E74A6E70070C0DB /* Base */,
			);
			name = LaunchScreen.storyboard;
			sourceTree = "<group>";
		};
/* End PBXVariantGroup section */

/* Begin XCBuildConfiguration section */
		DAD6A7AE1E74A6E70070C0DB /* Debug */ = {
			isa = XCBuildConfiguration;
			buildSettings = {
				ALWAYS_SEARCH_USER_PATHS = NO;
				CLANG_ANALYZER_NONNULL = YES;
				CLANG_CXX_LANGUAGE_STANDARD = "gnu++0x";
				CLANG_CXX_LIBRARY = "libc++";
				CLANG_ENABLE_MODULES = YES;
				CLANG_ENABLE_OBJC_ARC = YES;
				CLANG_WARN_BOOL_CONVERSION = YES;
				CLANG_WARN_CONSTANT_CONVERSION = YES;
				CLANG_WARN_DIRECT_OBJC_ISA_USAGE = YES_ERROR;
				CLANG_WARN_DOCUMENTATION_COMMENTS = YES;
				CLANG_WARN_EMPTY_BODY = YES;
				CLANG_WARN_ENUM_CONVERSION = YES;
				CLANG_WARN_INFINITE_RECURSION = YES;
				CLANG_WARN_INT_CONVERSION = YES;
				CLANG_WARN_OBJC_ROOT_CLASS = YES_ERROR;
				CLANG_WARN_SUSPICIOUS_MOVE = YES;
				CLANG_WARN_UNREACHABLE_CODE = YES;
				CLANG_WARN__DUPLICATE_METHOD_MATCH = YES;
				"CODE_SIGN_IDENTITY[sdk=iphoneos*]" = "iPhone Developer";
				COPY_PHASE_STRIP = NO;
				DEBUG_INFORMATION_FORMAT = dwarf;
				ENABLE_STRICT_OBJC_MSGSEND = YES;
				ENABLE_TESTABILITY = YES;
				GCC_C_LANGUAGE_STANDARD = gnu99;
				GCC_DYNAMIC_NO_PIC = NO;
				GCC_NO_COMMON_BLOCKS = YES;
				GCC_OPTIMIZATION_LEVEL = 0;
				GCC_PREPROCESSOR_DEFINITIONS = (
					"DEBUG=1",
					"$(inherited)",
				);
				GCC_WARN_64_TO_32_BIT_CONVERSION = YES;
				GCC_WARN_ABOUT_RETURN_TYPE = YES_ERROR;
				GCC_WARN_UNDECLARED_SELECTOR = YES;
				GCC_WARN_UNINITIALIZED_AUTOS = YES_AGGRESSIVE;
				GCC_WARN_UNUSED_FUNCTION = YES;
				GCC_WARN_UNUSED_VARIABLE = YES;
				IPHONEOS_DEPLOYMENT_TARGET = 10.2;
				MTL_ENABLE_DEBUG_INFO = YES;
				ONLY_ACTIVE_ARCH = YES;
				SDKROOT = iphoneos;
				SWIFT_ACTIVE_COMPILATION_CONDITIONS = DEBUG;
				SWIFT_OPTIMIZATION_LEVEL = "-Onone";
				TARGETED_DEVICE_FAMILY = "1,2";
			};
			name = Debug;
		};
		DAD6A7AF1E74A6E70070C0DB /* Release */ = {
			isa = XCBuildConfiguration;
			buildSettings = {
				ALWAYS_SEARCH_USER_PATHS = NO;
				CLANG_ANALYZER_NONNULL = YES;
				CLANG_CXX_LANGUAGE_STANDARD = "gnu++0x";
				CLANG_CXX_LIBRARY = "libc++";
				CLANG_ENABLE_MODULES = YES;
				CLANG_ENABLE_OBJC_ARC = YES;
				CLANG_WARN_BOOL_CONVERSION = YES;
				CLANG_WARN_CONSTANT_CONVERSION = YES;
				CLANG_WARN_DIRECT_OBJC_ISA_USAGE = YES_ERROR;
				CLANG_WARN_DOCUMENTATION_COMMENTS = YES;
				CLANG_WARN_EMPTY_BODY = YES;
				CLANG_WARN_ENUM_CONVERSION = YES;
				CLANG_WARN_INFINITE_RECURSION = YES;
				CLANG_WARN_INT_CONVERSION = YES;
				CLANG_WARN_OBJC_ROOT_CLASS = YES_ERROR;
				CLANG_WARN_SUSPICIOUS_MOVE = YES;
				CLANG_WARN_UNREACHABLE_CODE = YES;
				CLANG_WARN__DUPLICATE_METHOD_MATCH = YES;
				"CODE_SIGN_IDENTITY[sdk=iphoneos*]" = "iPhone Developer";
				COPY_PHASE_STRIP = NO;
				DEBUG_INFORMATION_FORMAT = "dwarf-with-dsym";
				ENABLE_NS_ASSERTIONS = NO;
				ENABLE_STRICT_OBJC_MSGSEND = YES;
				GCC_C_LANGUAGE_STANDARD = gnu99;
				GCC_NO_COMMON_BLOCKS = YES;
				GCC_WARN_64_TO_32_BIT_CONVERSION = YES;
				GCC_WARN_ABOUT_RETURN_TYPE = YES_ERROR;
				GCC_WARN_UNDECLARED_SELECTOR = YES;
				GCC_WARN_UNINITIALIZED_AUTOS = YES_AGGRESSIVE;
				GCC_WARN_UNUSED_FUNCTION = YES;
				GCC_WARN_UNUSED_VARIABLE = YES;
				IPHONEOS_DEPLOYMENT_TARGET = 10.2;
				MTL_ENABLE_DEBUG_INFO = NO;
				SDKROOT = iphoneos;
				SWIFT_OPTIMIZATION_LEVEL = "-Owholemodule";
				TARGETED_DEVICE_FAMILY = "1,2";
				VALIDATE_PRODUCT = YES;
			};
			name = Release;
		};
		DAD6A7B11E74A6E70070C0DB /* Debug */ = {
			isa = XCBuildConfiguration;
			buildSettings = {
				ASSETCATALOG_COMPILER_APPICON_NAME = AppIcon;
				DEVELOPMENT_TEAM = UZD8JHA5UW;
				INFOPLIST_FILE = FoodTracker/Info.plist;
				LD_RUNPATH_SEARCH_PATHS = "$(inherited) @executable_path/Frameworks";
				PRODUCT_BUNDLE_IDENTIFIER = com.leomoon.FoodTracker;
				PRODUCT_NAME = "$(TARGET_NAME)";
				SWIFT_VERSION = 3.0;
			};
			name = Debug;
		};
		DAD6A7B21E74A6E70070C0DB /* Release */ = {
			isa = XCBuildConfiguration;
			buildSettings = {
				ASSETCATALOG_COMPILER_APPICON_NAME = AppIcon;
				DEVELOPMENT_TEAM = UZD8JHA5UW;
				INFOPLIST_FILE = FoodTracker/Info.plist;
				LD_RUNPATH_SEARCH_PATHS = "$(inherited) @executable_path/Frameworks";
				PRODUCT_BUNDLE_IDENTIFIER = com.leomoon.FoodTracker;
				PRODUCT_NAME = "$(TARGET_NAME)";
				SWIFT_VERSION = 3.0;
			};
			name = Release;
		};
		DAD6A7B41E74A6E70070C0DB /* Debug */ = {
			isa = XCBuildConfiguration;
			buildSettings = {
				ALWAYS_EMBED_SWIFT_STANDARD_LIBRARIES = YES;
				BUNDLE_LOADER = "$(TEST_HOST)";
				DEVELOPMENT_TEAM = UZD8JHA5UW;
				INFOPLIST_FILE = FoodTrackerTests/Info.plist;
				LD_RUNPATH_SEARCH_PATHS = "$(inherited) @executable_path/Frameworks @loader_path/Frameworks";
				PRODUCT_BUNDLE_IDENTIFIER = com.leomoon.FoodTrackerTests;
				PRODUCT_NAME = "$(TARGET_NAME)";
				SWIFT_VERSION = 3.0;
				TEST_HOST = "$(BUILT_PRODUCTS_DIR)/FoodTracker.app/FoodTracker";
			};
			name = Debug;
		};
		DAD6A7B51E74A6E70070C0DB /* Release */ = {
			isa = XCBuildConfiguration;
			buildSettings = {
				ALWAYS_EMBED_SWIFT_STANDARD_LIBRARIES = YES;
				BUNDLE_LOADER = "$(TEST_HOST)";
				DEVELOPMENT_TEAM = UZD8JHA5UW;
				INFOPLIST_FILE = FoodTrackerTests/Info.plist;
				LD_RUNPATH_SEARCH_PATHS = "$(inherited) @executable_path/Frameworks @loader_path/Frameworks";
				PRODUCT_BUNDLE_IDENTIFIER = com.leomoon.FoodTrackerTests;
				PRODUCT_NAME = "$(TARGET_NAME)";
				SWIFT_VERSION = 3.0;
				TEST_HOST = "$(BUILT_PRODUCTS_DIR)/FoodTracker.app/FoodTracker";
			};
			name = Release;
		};
/* End XCBuildConfiguration section */

/* Begin XCConfigurationList section */
		DAD6A78E1E74A6E70070C0DB /* Build configuration list for PBXProject "FoodTracker" */ = {
			isa = XCConfigurationList;
			buildConfigurations = (
				DAD6A7AE1E74A6E70070C0DB /* Debug */,
				DAD6A7AF1E74A6E70070C0DB /* Release */,
			);
			defaultConfigurationIsVisible = 0;
			defaultConfigurationName = Release;
		};
		DAD6A7B01E74A6E70070C0DB /* Build configuration list for PBXNativeTarget "FoodTracker" */ = {
			isa = XCConfigurationList;
			buildConfigurations = (
				DAD6A7B11E74A6E70070C0DB /* Debug */,
				DAD6A7B21E74A6E70070C0DB /* Release */,
			);
			defaultConfigurationIsVisible = 0;
			defaultConfigurationName = Release;
		};
		DAD6A7B31E74A6E70070C0DB /* Build configuration list for PBXNativeTarget "FoodTrackerTests" */ = {
			isa = XCConfigurationList;
			buildConfigurations = (
				DAD6A7B41E74A6E70070C0DB /* Debug */,
				DAD6A7B51E74A6E70070C0DB /* Release */,
			);
			defaultConfigurationIsVisible = 0;
			defaultConfigurationName = Release;
		};
/* End XCConfigurationList section */
	};
	rootObject = DAD6A78B1E74A6E70070C0DB /* Project object */;
}
